// !$*UTF8*$!
{
	archiveVersion = 1;
	classes = {
	};
	objectVersion = 50;
	objects = {

/* Begin PBXBuildFile section */
		F86C261C20E2EA8F002892A0 /* AppDelegate.swift in Sources */ = {isa = PBXBuildFile; fileRef = F86C261B20E2EA8F002892A0 /* AppDelegate.swift */; };
		F86C261E20E2EA8F002892A0 /* ViewController.swift in Sources */ = {isa = PBXBuildFile; fileRef = F86C261D20E2EA8F002892A0 /* ViewController.swift */; };
		F86C262120E2EA8F002892A0 /* Main.storyboard in Resources */ = {isa = PBXBuildFile; fileRef = F86C261F20E2EA8F002892A0 /* Main.storyboard */; };
		F86C262320E2EA93002892A0 /* Assets.xcassets in Resources */ = {isa = PBXBuildFile; fileRef = F86C262220E2EA93002892A0 /* Assets.xcassets */; };
		F86C262620E2EA93002892A0 /* LaunchScreen.storyboard in Resources */ = {isa = PBXBuildFile; fileRef = F86C262420E2EA93002892A0 /* LaunchScreen.storyboard */; };
		F86C263120E2EA93002892A0 /* SetTests.swift in Sources */ = {isa = PBXBuildFile; fileRef = F86C263020E2EA93002892A0 /* SetTests.swift */; };
		F86C263C20E2EA93002892A0 /* SetUITests.swift in Sources */ = {isa = PBXBuildFile; fileRef = F86C263B20E2EA93002892A0 /* SetUITests.swift */; };
/* End PBXBuildFile section */

/* Begin PBXContainerItemProxy section */
		F86C262D20E2EA93002892A0 /* PBXContainerItemProxy */ = {
			isa = PBXContainerItemProxy;
			containerPortal = F86C261020E2EA8F002892A0 /* Project object */;
			proxyType = 1;
			remoteGlobalIDString = F86C261720E2EA8F002892A0;
			remoteInfo = Set;
		};
		F86C263820E2EA93002892A0 /* PBXContainerItemProxy */ = {
			isa = PBXContainerItemProxy;
			containerPortal = F86C261020E2EA8F002892A0 /* Project object */;
			proxyType = 1;
			remoteGlobalIDString = F86C261720E2EA8F002892A0;
			remoteInfo = Set;
		};
/* End PBXContainerItemProxy section */

/* Begin PBXFileReference section */
		F86C261820E2EA8F002892A0 /* Set.app */ = {isa = PBXFileReference; explicitFileType = wrapper.application; includeInIndex = 0; path = Set.app; sourceTree = BUILT_PRODUCTS_DIR; };
		F86C261B20E2EA8F002892A0 /* AppDelegate.swift */ = {isa = PBXFileReference; lastKnownFileType = sourcecode.swift; path = AppDelegate.swift; sourceTree = "<group>"; };
		F86C261D20E2EA8F002892A0 /* ViewController.swift */ = {isa = PBXFileReference; lastKnownFileType = sourcecode.swift; path = ViewController.swift; sourceTree = "<group>"; };
		F86C262020E2EA8F002892A0 /* Base */ = {isa = PBXFileReference; lastKnownFileType = file.storyboard; name = Base; path = Base.lproj/Main.storyboard; sourceTree = "<group>"; };
		F86C262220E2EA93002892A0 /* Assets.xcassets */ = {isa = PBXFileReference; lastKnownFileType = folder.assetcatalog; path = Assets.xcassets; sourceTree = "<group>"; };
		F86C262520E2EA93002892A0 /* Base */ = {isa = PBXFileReference; lastKnownFileType = file.storyboard; name = Base; path = Base.lproj/LaunchScreen.storyboard; sourceTree = "<group>"; };
		F86C262720E2EA93002892A0 /* Info.plist */ = {isa = PBXFileReference; lastKnownFileType = text.plist.xml; path = Info.plist; sourceTree = "<group>"; };
		F86C262C20E2EA93002892A0 /* SetTests.xctest */ = {isa = PBXFileReference; explicitFileType = wrapper.cfbundle; includeInIndex = 0; path = SetTests.xctest; sourceTree = BUILT_PRODUCTS_DIR; };
		F86C263020E2EA93002892A0 /* SetTests.swift */ = {isa = PBXFileReference; lastKnownFileType = sourcecode.swift; path = SetTests.swift; sourceTree = "<group>"; };
		F86C263220E2EA93002892A0 /* Info.plist */ = {isa = PBXFileReference; lastKnownFileType = text.plist.xml; path = Info.plist; sourceTree = "<group>"; };
		F86C263720E2EA93002892A0 /* SetUITests.xctest */ = {isa = PBXFileReference; explicitFileType = wrapper.cfbundle; includeInIndex = 0; path = SetUITests.xctest; sourceTree = BUILT_PRODUCTS_DIR; };
		F86C263B20E2EA93002892A0 /* SetUITests.swift */ = {isa = PBXFileReference; lastKnownFileType = sourcecode.swift; path = SetUITests.swift; sourceTree = "<group>"; };
		F86C263D20E2EA93002892A0 /* Info.plist */ = {isa = PBXFileReference; lastKnownFileType = text.plist.xml; path = Info.plist; sourceTree = "<group>"; };
/* End PBXFileReference section */

/* Begin PBXFrameworksBuildPhase section */
		F86C261520E2EA8F002892A0 /* Frameworks */ = {
			isa = PBXFrameworksBuildPhase;
			buildActionMask = 2147483647;
			files = (
			);
			runOnlyForDeploymentPostprocessing = 0;
		};
		F86C262920E2EA93002892A0 /* Frameworks */ = {
			isa = PBXFrameworksBuildPhase;
			buildActionMask = 2147483647;
			files = (
			);
			runOnlyForDeploymentPostprocessing = 0;
		};
		F86C263420E2EA93002892A0 /* Frameworks */ = {
			isa = PBXFrameworksBuildPhase;
			buildActionMask = 2147483647;
			files = (
			);
			runOnlyForDeploymentPostprocessing = 0;
		};
/* End PBXFrameworksBuildPhase section */

/* Begin PBXGroup section */
		F86C260F20E2EA8F002892A0 = {
			isa = PBXGroup;
			children = (
				F86C261A20E2EA8F002892A0 /* Set */,
				F86C262F20E2EA93002892A0 /* SetTests */,
				F86C263A20E2EA93002892A0 /* SetUITests */,
				F86C261920E2EA8F002892A0 /* Products */,
			);
			sourceTree = "<group>";
		};
		F86C261920E2EA8F002892A0 /* Products */ = {
			isa = PBXGroup;
			children = (
				F86C261820E2EA8F002892A0 /* Set.app */,
				F86C262C20E2EA93002892A0 /* SetTests.xctest */,
				F86C263720E2EA93002892A0 /* SetUITests.xctest */,
			);
			name = Products;
			sourceTree = "<group>";
		};
		F86C261A20E2EA8F002892A0 /* Set */ = {
			isa = PBXGroup;
			children = (
				F86C261B20E2EA8F002892A0 /* AppDelegate.swift */,
				F86C261D20E2EA8F002892A0 /* ViewController.swift */,
				F86C261F20E2EA8F002892A0 /* Main.storyboard */,
				F86C262220E2EA93002892A0 /* Assets.xcassets */,
				F86C262420E2EA93002892A0 /* LaunchScreen.storyboard */,
				F86C262720E2EA93002892A0 /* Info.plist */,
			);
			path = Set;
			sourceTree = "<group>";
		};
		F86C262F20E2EA93002892A0 /* SetTests */ = {
			isa = PBXGroup;
			children = (
				F86C263020E2EA93002892A0 /* SetTests.swift */,
				F86C263220E2EA93002892A0 /* Info.plist */,
			);
			path = SetTests;
			sourceTree = "<group>";
		};
		F86C263A20E2EA93002892A0 /* SetUITests */ = {
			isa = PBXGroup;
			children = (
				F86C263B20E2EA93002892A0 /* SetUITests.swift */,
				F86C263D20E2EA93002892A0 /* Info.plist */,
			);
			path = SetUITests;
			sourceTree = "<group>";
		};
/* End PBXGroup section */

/* Begin PBXNativeTarget section */
		F86C261720E2EA8F002892A0 /* Set */ = {
			isa = PBXNativeTarget;
			buildConfigurationList = F86C264020E2EA93002892A0 /* Build configuration list for PBXNativeTarget "Set" */;
			buildPhases = (
				F86C261420E2EA8F002892A0 /* Sources */,
				F86C261520E2EA8F002892A0 /* Frameworks */,
				F86C261620E2EA8F002892A0 /* Resources */,
			);
			buildRules = (
			);
			dependencies = (
			);
			name = Set;
			productName = Set;
			productReference = F86C261820E2EA8F002892A0 /* Set.app */;
			productType = "com.apple.product-type.application";
		};
		F86C262B20E2EA93002892A0 /* SetTests */ = {
			isa = PBXNativeTarget;
			buildConfigurationList = F86C264320E2EA93002892A0 /* Build configuration list for PBXNativeTarget "SetTests" */;
			buildPhases = (
				F86C262820E2EA93002892A0 /* Sources */,
				F86C262920E2EA93002892A0 /* Frameworks */,
				F86C262A20E2EA93002892A0 /* Resources */,
			);
			buildRules = (
			);
			dependencies = (
				F86C262E20E2EA93002892A0 /* PBXTargetDependency */,
			);
			name = SetTests;
			productName = SetTests;
			productReference = F86C262C20E2EA93002892A0 /* SetTests.xctest */;
			productType = "com.apple.product-type.bundle.unit-test";
		};
		F86C263620E2EA93002892A0 /* SetUITests */ = {
			isa = PBXNativeTarget;
			buildConfigurationList = F86C264620E2EA93002892A0 /* Build configuration list for PBXNativeTarget "SetUITests" */;
			buildPhases = (
				F86C263320E2EA93002892A0 /* Sources */,
				F86C263420E2EA93002892A0 /* Frameworks */,
				F86C263520E2EA93002892A0 /* Resources */,
			);
			buildRules = (
			);
			dependencies = (
				F86C263920E2EA93002892A0 /* PBXTargetDependency */,
			);
			name = SetUITests;
			productName = SetUITests;
			productReference = F86C263720E2EA93002892A0 /* SetUITests.xctest */;
			productType = "com.apple.product-type.bundle.ui-testing";
		};
/* End PBXNativeTarget section */

/* Begin PBXProject section */
		F86C261020E2EA8F002892A0 /* Project object */ = {
			isa = PBXProject;
			attributes = {
				LastSwiftUpdateCheck = 0930;
				LastUpgradeCheck = 0930;
				ORGANIZATIONNAME = "Pulkit Agarwal";
				TargetAttributes = {
					F86C261720E2EA8F002892A0 = {
						CreatedOnToolsVersion = 9.3.1;
					};
					F86C262B20E2EA93002892A0 = {
						CreatedOnToolsVersion = 9.3.1;
						TestTargetID = F86C261720E2EA8F002892A0;
					};
					F86C263620E2EA93002892A0 = {
						CreatedOnToolsVersion = 9.3.1;
						TestTargetID = F86C261720E2EA8F002892A0;
					};
				};
			};
			buildConfigurationList = F86C261320E2EA8F002892A0 /* Build configuration list for PBXProject "Set" */;
			compatibilityVersion = "Xcode 9.3";
			developmentRegion = en;
			hasScannedForEncodings = 0;
			knownRegions = (
				en,
				Base,
			);
			mainGroup = F86C260F20E2EA8F002892A0;
			productRefGroup = F86C261920E2EA8F002892A0 /* Products */;
			projectDirPath = "";
			projectRoot = "";
			targets = (
				F86C261720E2EA8F002892A0 /* Set */,
				F86C262B20E2EA93002892A0 /* SetTests */,
				F86C263620E2EA93002892A0 /* SetUITests */,
			);
		};
/* End PBXProject section */

/* Begin PBXResourcesBuildPhase section */
		F86C261620E2EA8F002892A0 /* Resources */ = {
			isa = PBXResourcesBuildPhase;
			buildActionMask = 2147483647;
			files = (
				F86C262620E2EA93002892A0 /* LaunchScreen.storyboard in Resources */,
				F86C262320E2EA93002892A0 /* Assets.xcassets in Resources */,
				F86C262120E2EA8F002892A0 /* Main.storyboard in Resources */,
			);
			runOnlyForDeploymentPostprocessing = 0;
		};
		F86C262A20E2EA93002892A0 /* Resources */ = {
			isa = PBXResourcesBuildPhase;
			buildActionMask = 2147483647;
			files = (
			);
			runOnlyForDeploymentPostprocessing = 0;
		};
		F86C263520E2EA93002892A0 /* Resources */ = {
			isa = PBXResourcesBuildPhase;
			buildActionMask = 2147483647;
			files = (
			);
			runOnlyForDeploymentPostprocessing = 0;
		};
/* End PBXResourcesBuildPhase section */

/* Begin PBXSourcesBuildPhase section */
		F86C261420E2EA8F002892A0 /* Sources */ = {
			isa = PBXSourcesBuildPhase;
			buildActionMask = 2147483647;
			files = (
				F86C261E20E2EA8F002892A0 /* ViewController.swift in Sources */,
				F86C261C20E2EA8F002892A0 /* AppDelegate.swift in Sources */,
			);
			runOnlyForDeploymentPostprocessing = 0;
		};
		F86C262820E2EA93002892A0 /* Sources */ = {
			isa = PBXSourcesBuildPhase;
			buildActionMask = 2147483647;
			files = (
				F86C263120E2EA93002892A0 /* SetTests.swift in Sources */,
			);
			runOnlyForDeploymentPostprocessing = 0;
		};
		F86C263320E2EA93002892A0 /* Sources */ = {
			isa = PBXSourcesBuildPhase;
			buildActionMask = 2147483647;
			files = (
				F86C263C20E2EA93002892A0 /* SetUITests.swift in Sources */,
			);
			runOnlyForDeploymentPostprocessing = 0;
		};
/* End PBXSourcesBuildPhase section */

/* Begin PBXTargetDependency section */
		F86C262E20E2EA93002892A0 /* PBXTargetDependency */ = {
			isa = PBXTargetDependency;
			target = F86C261720E2EA8F002892A0 /* Set */;
			targetProxy = F86C262D20E2EA93002892A0 /* PBXContainerItemProxy */;
		};
		F86C263920E2EA93002892A0 /* PBXTargetDependency */ = {
			isa = PBXTargetDependency;
			target = F86C261720E2EA8F002892A0 /* Set */;
			targetProxy = F86C263820E2EA93002892A0 /* PBXContainerItemProxy */;
		};
/* End PBXTargetDependency section */

/* Begin PBXVariantGroup section */
		F86C261F20E2EA8F002892A0 /* Main.storyboard */ = {
			isa = PBXVariantGroup;
			children = (
				F86C262020E2EA8F002892A0 /* Base */,
			);
			name = Main.storyboard;
			sourceTree = "<group>";
		};
		F86C262420E2EA93002892A0 /* LaunchScreen.storyboard */ = {
			isa = PBXVariantGroup;
			children = (
				F86C262520E2EA93002892A0 /* Base */,
			);
			name = LaunchScreen.storyboard;
			sourceTree = "<group>";
		};
/* End PBXVariantGroup section */

/* Begin XCBuildConfiguration section */
		F86C263E20E2EA93002892A0 /* Debug */ = {
			isa = XCBuildConfiguration;
			buildSettings = {
				ALWAYS_SEARCH_USER_PATHS = NO;
				CLANG_ANALYZER_NONNULL = YES;
				CLANG_ANALYZER_NUMBER_OBJECT_CONVERSION = YES_AGGRESSIVE;
				CLANG_CXX_LANGUAGE_STANDARD = "gnu++14";
				CLANG_CXX_LIBRARY = "libc++";
				CLANG_ENABLE_MODULES = YES;
				CLANG_ENABLE_OBJC_ARC = YES;
				CLANG_ENABLE_OBJC_WEAK = YES;
				CLANG_WARN_BLOCK_CAPTURE_AUTORELEASING = YES;
				CLANG_WARN_BOOL_CONVERSION = YES;
				CLANG_WARN_COMMA = YES;
				CLANG_WARN_CONSTANT_CONVERSION = YES;
				CLANG_WARN_DEPRECATED_OBJC_IMPLEMENTATIONS = YES;
				CLANG_WARN_DIRECT_OBJC_ISA_USAGE = YES_ERROR;
				CLANG_WARN_DOCUMENTATION_COMMENTS = YES;
				CLANG_WARN_EMPTY_BODY = YES;
				CLANG_WARN_ENUM_CONVERSION = YES;
				CLANG_WARN_INFINITE_RECURSION = YES;
				CLANG_WARN_INT_CONVERSION = YES;
				CLANG_WARN_NON_LITERAL_NULL_CONVERSION = YES;
				CLANG_WARN_OBJC_IMPLICIT_RETAIN_SELF = YES;
				CLANG_WARN_OBJC_LITERAL_CONVERSION = YES;
				CLANG_WARN_OBJC_ROOT_CLASS = YES_ERROR;
				CLANG_WARN_RANGE_LOOP_ANALYSIS = YES;
				CLANG_WARN_STRICT_PROTOTYPES = YES;
				CLANG_WARN_SUSPICIOUS_MOVE = YES;
				CLANG_WARN_UNGUARDED_AVAILABILITY = YES_AGGRESSIVE;
				CLANG_WARN_UNREACHABLE_CODE = YES;
				CLANG_WARN__DUPLICATE_METHOD_MATCH = YES;
				CODE_SIGN_IDENTITY = "iPhone Developer";
				COPY_PHASE_STRIP = NO;
				DEBUG_INFORMATION_FORMAT = dwarf;
				ENABLE_STRICT_OBJC_MSGSEND = YES;
				ENABLE_TESTABILITY = YES;
				GCC_C_LANGUAGE_STANDARD = gnu11;
				GCC_DYNAMIC_NO_PIC = NO;
				GCC_NO_COMMON_BLOCKS = YES;
				GCC_OPTIMIZATION_LEVEL = 0;
				GCC_PREPROCESSOR_DEFINITIONS = (
					"DEBUG=1",
					"$(inherited)",
				);
				GCC_WARN_64_TO_32_BIT_CONVERSION = YES;
				GCC_WARN_ABOUT_RETURN_TYPE = YES_ERROR;
				GCC_WARN_UNDECLARED_SELECTOR = YES;
				GCC_WARN_UNINITIALIZED_AUTOS = YES_AGGRESSIVE;
				GCC_WARN_UNUSED_FUNCTION = YES;
				GCC_WARN_UNUSED_VARIABLE = YES;
				IPHONEOS_DEPLOYMENT_TARGET = 11.3;
				MTL_ENABLE_DEBUG_INFO = YES;
				ONLY_ACTIVE_ARCH = YES;
				SDKROOT = iphoneos;
				SWIFT_ACTIVE_COMPILATION_CONDITIONS = DEBUG;
				SWIFT_OPTIMIZATION_LEVEL = "-Onone";
			};
			name = Debug;
		};
		F86C263F20E2EA93002892A0 /* Release */ = {
			isa = XCBuildConfiguration;
			buildSettings = {
				ALWAYS_SEARCH_USER_PATHS = NO;
				CLANG_ANALYZER_NONNULL = YES;
				CLANG_ANALYZER_NUMBER_OBJECT_CONVERSION = YES_AGGRESSIVE;
				CLANG_CXX_LANGUAGE_STANDARD = "gnu++14";
				CLANG_CXX_LIBRARY = "libc++";
				CLANG_ENABLE_MODULES = YES;
				CLANG_ENABLE_OBJC_ARC = YES;
				CLANG_ENABLE_OBJC_WEAK = YES;
				CLANG_WARN_BLOCK_CAPTURE_AUTORELEASING = YES;
				CLANG_WARN_BOOL_CONVERSION = YES;
				CLANG_WARN_COMMA = YES;
				CLANG_WARN_CONSTANT_CONVERSION = YES;
				CLANG_WARN_DEPRECATED_OBJC_IMPLEMENTATIONS = YES;
				CLANG_WARN_DIRECT_OBJC_ISA_USAGE = YES_ERROR;
				CLANG_WARN_DOCUMENTATION_COMMENTS = YES;
				CLANG_WARN_EMPTY_BODY = YES;
				CLANG_WARN_ENUM_CONVERSION = YES;
				CLANG_WARN_INFINITE_RECURSION = YES;
				CLANG_WARN_INT_CONVERSION = YES;
				CLANG_WARN_NON_LITERAL_NULL_CONVERSION = YES;
				CLANG_WARN_OBJC_IMPLICIT_RETAIN_SELF = YES;
				CLANG_WARN_OBJC_LITERAL_CONVERSION = YES;
				CLANG_WARN_OBJC_ROOT_CLASS = YES_ERROR;
				CLANG_WARN_RANGE_LOOP_ANALYSIS = YES;
				CLANG_WARN_STRICT_PROTOTYPES = YES;
				CLANG_WARN_SUSPICIOUS_MOVE = YES;
				CLANG_WARN_UNGUARDED_AVAILABILITY = YES_AGGRESSIVE;
				CLANG_WARN_UNREACHABLE_CODE = YES;
				CLANG_WARN__DUPLICATE_METHOD_MATCH = YES;
				CODE_SIGN_IDENTITY = "iPhone Developer";
				COPY_PHASE_STRIP = NO;
				DEBUG_INFORMATION_FORMAT = "dwarf-with-dsym";
				ENABLE_NS_ASSERTIONS = NO;
				ENABLE_STRICT_OBJC_MSGSEND = YES;
				GCC_C_LANGUAGE_STANDARD = gnu11;
				GCC_NO_COMMON_BLOCKS = YES;
				GCC_WARN_64_TO_32_BIT_CONVERSION = YES;
				GCC_WARN_ABOUT_RETURN_TYPE = YES_ERROR;
				GCC_WARN_UNDECLARED_SELECTOR = YES;
				GCC_WARN_UNINITIALIZED_AUTOS = YES_AGGRESSIVE;
				GCC_WARN_UNUSED_FUNCTION = YES;
				GCC_WARN_UNUSED_VARIABLE = YES;
				IPHONEOS_DEPLOYMENT_TARGET = 11.3;
				MTL_ENABLE_DEBUG_INFO = NO;
				SDKROOT = iphoneos;
				SWIFT_COMPILATION_MODE = wholemodule;
				SWIFT_OPTIMIZATION_LEVEL = "-O";
				VALIDATE_PRODUCT = YES;
			};
			name = Release;
		};
		F86C264120E2EA93002892A0 /* Debug */ = {
			isa = XCBuildConfiguration;
			buildSettings = {
				ASSETCATALOG_COMPILER_APPICON_NAME = AppIcon;
				CODE_SIGN_STYLE = Automatic;
				INFOPLIST_FILE = Set/Info.plist;
				LD_RUNPATH_SEARCH_PATHS = (
					"$(inherited)",
					"@executable_path/Frameworks",
				);
				PRODUCT_BUNDLE_IDENTIFIER = ios.edu.Set;
				PRODUCT_NAME = "$(TARGET_NAME)";
				SWIFT_VERSION = 4.0;
				TARGETED_DEVICE_FAMILY = "1,2";
			};
			name = Debug;
		};
		F86C264220E2EA93002892A0 /* Release */ = {
			isa = XCBuildConfiguration;
			buildSettings = {
				ASSETCATALOG_COMPILER_APPICON_NAME = AppIcon;
				CODE_SIGN_STYLE = Automatic;
				INFOPLIST_FILE = Set/Info.plist;
				LD_RUNPATH_SEARCH_PATHS = (
					"$(inherited)",
					"@executable_path/Frameworks",
				);
				PRODUCT_BUNDLE_IDENTIFIER = ios.edu.Set;
				PRODUCT_NAME = "$(TARGET_NAME)";
				SWIFT_VERSION = 4.0;
				TARGETED_DEVICE_FAMILY = "1,2";
			};
			name = Release;
		};
		F86C264420E2EA93002892A0 /* Debug */ = {
			isa = XCBuildConfiguration;
			buildSettings = {
				ALWAYS_EMBED_SWIFT_STANDARD_LIBRARIES = YES;
				BUNDLE_LOADER = "$(TEST_HOST)";
				CODE_SIGN_STYLE = Automatic;
				INFOPLIST_FILE = SetTests/Info.plist;
				LD_RUNPATH_SEARCH_PATHS = (
					"$(inherited)",
					"@executable_path/Frameworks",
					"@loader_path/Frameworks",
				);
				PRODUCT_BUNDLE_IDENTIFIER = ios.edu.SetTests;
				PRODUCT_NAME = "$(TARGET_NAME)";
				SWIFT_VERSION = 4.0;
				TARGETED_DEVICE_FAMILY = "1,2";
				TEST_HOST = "$(BUILT_PRODUCTS_DIR)/Set.app/Set";
			};
			name = Debug;
		};
		F86C264520E2EA93002892A0 /* Release */ = {
			isa = XCBuildConfiguration;
			buildSettings = {
				ALWAYS_EMBED_SWIFT_STANDARD_LIBRARIES = YES;
				BUNDLE_LOADER = "$(TEST_HOST)";
				CODE_SIGN_STYLE = Automatic;
				INFOPLIST_FILE = SetTests/Info.plist;
				LD_RUNPATH_SEARCH_PATHS = (
					"$(inherited)",
					"@executable_path/Frameworks",
					"@loader_path/Frameworks",
				);
				PRODUCT_BUNDLE_IDENTIFIER = ios.edu.SetTests;
				PRODUCT_NAME = "$(TARGET_NAME)";
				SWIFT_VERSION = 4.0;
				TARGETED_DEVICE_FAMILY = "1,2";
				TEST_HOST = "$(BUILT_PRODUCTS_DIR)/Set.app/Set";
			};
			name = Release;
		};
		F86C264720E2EA93002892A0 /* Debug */ = {
			isa = XCBuildConfiguration;
			buildSettings = {
				ALWAYS_EMBED_SWIFT_STANDARD_LIBRARIES = YES;
				CODE_SIGN_STYLE = Automatic;
				INFOPLIST_FILE = SetUITests/Info.plist;
				LD_RUNPATH_SEARCH_PATHS = (
					"$(inherited)",
					"@executable_path/Frameworks",
					"@loader_path/Frameworks",
				);
				PRODUCT_BUNDLE_IDENTIFIER = ios.edu.SetUITests;
				PRODUCT_NAME = "$(TARGET_NAME)";
				SWIFT_VERSION = 4.0;
				TARGETED_DEVICE_FAMILY = "1,2";
				TEST_TARGET_NAME = Set;
			};
			name = Debug;
		};
		F86C264820E2EA93002892A0 /* Release */ = {
			isa = XCBuildConfiguration;
			buildSettings = {
				ALWAYS_EMBED_SWIFT_STANDARD_LIBRARIES = YES;
				CODE_SIGN_STYLE = Automatic;
				INFOPLIST_FILE = SetUITests/Info.plist;
				LD_RUNPATH_SEARCH_PATHS = (
					"$(inherited)",
					"@executable_path/Frameworks",
					"@loader_path/Frameworks",
				);
				PRODUCT_BUNDLE_IDENTIFIER = ios.edu.SetUITests;
				PRODUCT_NAME = "$(TARGET_NAME)";
				SWIFT_VERSION = 4.0;
				TARGETED_DEVICE_FAMILY = "1,2";
				TEST_TARGET_NAME = Set;
			};
			name = Release;
		};
/* End XCBuildConfiguration section */

/* Begin XCConfigurationList section */
		F86C261320E2EA8F002892A0 /* Build configuration list for PBXProject "Set" */ = {
			isa = XCConfigurationList;
			buildConfigurations = (
				F86C263E20E2EA93002892A0 /* Debug */,
				F86C263F20E2EA93002892A0 /* Release */,
			);
			defaultConfigurationIsVisible = 0;
			defaultConfigurationName = Release;
		};
		F86C264020E2EA93002892A0 /* Build configuration list for PBXNativeTarget "Set" */ = {
			isa = XCConfigurationList;
			buildConfigurations = (
				F86C264120E2EA93002892A0 /* Debug */,
				F86C264220E2EA93002892A0 /* Release */,
			);
			defaultConfigurationIsVisible = 0;
			defaultConfigurationName = Release;
		};
		F86C264320E2EA93002892A0 /* Build configuration list for PBXNativeTarget "SetTests" */ = {
			isa = XCConfigurationList;
			buildConfigurations = (
				F86C264420E2EA93002892A0 /* Debug */,
				F86C264520E2EA93002892A0 /* Release */,
			);
			defaultConfigurationIsVisible = 0;
			defaultConfigurationName = Release;
		};
		F86C264620E2EA93002892A0 /* Build configuration list for PBXNativeTarget "SetUITests" */ = {
			isa = XCConfigurationList;
			buildConfigurations = (
				F86C264720E2EA93002892A0 /* Debug */,
				F86C264820E2EA93002892A0 /* Release */,
			);
			defaultConfigurationIsVisible = 0;
			defaultConfigurationName = Release;
		};
/* End XCConfigurationList section */
	};
	rootObject = F86C261020E2EA8F002892A0 /* Project object */;
}
